// !$*UTF8*$!
{
	archiveVersion = 1;
	classes = {
	};
	objectVersion = 55;
	objects = {

/* Begin PBXBuildFile section */
		96BE7C8A27FC757D00B79ABD /* AppDelegate.swift in Sources */ = {isa = PBXBuildFile; fileRef = 96BE7C8927FC757D00B79ABD /* AppDelegate.swift */; };
		96BE7C8C27FC757D00B79ABD /* SceneDelegate.swift in Sources */ = {isa = PBXBuildFile; fileRef = 96BE7C8B27FC757D00B79ABD /* SceneDelegate.swift */; };
		96BE7C9327FC757F00B79ABD /* Assets.xcassets in Resources */ = {isa = PBXBuildFile; fileRef = 96BE7C9227FC757F00B79ABD /* Assets.xcassets */; };
		96BE7C9627FC757F00B79ABD /* LaunchScreen.storyboard in Resources */ = {isa = PBXBuildFile; fileRef = 96BE7C9427FC757F00B79ABD /* LaunchScreen.storyboard */; };
		96BE7CA327FC75BD00B79ABD /* LoginController.swift in Sources */ = {isa = PBXBuildFile; fileRef = 96BE7CA227FC75BD00B79ABD /* LoginController.swift */; };
		96BE7CA527FC79D600B79ABD /* Main.storyboard in Resources */ = {isa = PBXBuildFile; fileRef = 96BE7CA427FC79D600B79ABD /* Main.storyboard */; };
		96BE7CA727FC7E4900B79ABD /* Extensions.swift in Sources */ = {isa = PBXBuildFile; fileRef = 96BE7CA627FC7E4900B79ABD /* Extensions.swift */; };
/* End PBXBuildFile section */

/* Begin PBXFileReference section */
		96BE7C8627FC757D00B79ABD /* uber.app */ = {isa = PBXFileReference; explicitFileType = wrapper.application; includeInIndex = 0; path = uber.app; sourceTree = BUILT_PRODUCTS_DIR; };
		96BE7C8927FC757D00B79ABD /* AppDelegate.swift */ = {isa = PBXFileReference; lastKnownFileType = sourcecode.swift; path = AppDelegate.swift; sourceTree = "<group>"; };
		96BE7C8B27FC757D00B79ABD /* SceneDelegate.swift */ = {isa = PBXFileReference; lastKnownFileType = sourcecode.swift; path = SceneDelegate.swift; sourceTree = "<group>"; };
		96BE7C9227FC757F00B79ABD /* Assets.xcassets */ = {isa = PBXFileReference; lastKnownFileType = folder.assetcatalog; path = Assets.xcassets; sourceTree = "<group>"; };
		96BE7C9527FC757F00B79ABD /* Base */ = {isa = PBXFileReference; lastKnownFileType = file.storyboard; name = Base; path = Base.lproj/LaunchScreen.storyboard; sourceTree = "<group>"; };
		96BE7C9727FC757F00B79ABD /* Info.plist */ = {isa = PBXFileReference; lastKnownFileType = text.plist.xml; path = Info.plist; sourceTree = "<group>"; };
		96BE7CA227FC75BD00B79ABD /* LoginController.swift */ = {isa = PBXFileReference; lastKnownFileType = sourcecode.swift; path = LoginController.swift; sourceTree = "<group>"; };
		96BE7CA427FC79D600B79ABD /* Main.storyboard */ = {isa = PBXFileReference; fileEncoding = 4; lastKnownFileType = file.storyboard; path = Main.storyboard; sourceTree = "<group>"; };
		96BE7CA627FC7E4900B79ABD /* Extensions.swift */ = {isa = PBXFileReference; lastKnownFileType = sourcecode.swift; path = Extensions.swift; sourceTree = "<group>"; };
/* End PBXFileReference section */

/* Begin PBXFrameworksBuildPhase section */
		96BE7C8327FC757D00B79ABD /* Frameworks */ = {
			isa = PBXFrameworksBuildPhase;
			buildActionMask = 2147483647;
			files = (
			);
			runOnlyForDeploymentPostprocessing = 0;
		};
/* End PBXFrameworksBuildPhase section */

/* Begin PBXGroup section */
		96BE7C7D27FC757D00B79ABD = {
			isa = PBXGroup;
			children = (
				96BE7C8827FC757D00B79ABD /* uber */,
				96BE7C8727FC757D00B79ABD /* Products */,
			);
			sourceTree = "<group>";
		};
		96BE7C8727FC757D00B79ABD /* Products */ = {
			isa = PBXGroup;
			children = (
				96BE7C8627FC757D00B79ABD /* uber.app */,
			);
			name = Products;
			sourceTree = "<group>";
		};
		96BE7C8827FC757D00B79ABD /* uber */ = {
			isa = PBXGroup;
			children = (
				96BE7CA127FC759800B79ABD /* Model */,
				96BE7CA027FC759500B79ABD /* View */,
				96BE7C9F27FC759300B79ABD /* Controller */,
				96BE7C9E27FC759100B79ABD /* Service */,
				96BE7C9D27FC758A00B79ABD /* Utils */,
				96BE7C8927FC757D00B79ABD /* AppDelegate.swift */,
				96BE7C8B27FC757D00B79ABD /* SceneDelegate.swift */,
				96BE7CA427FC79D600B79ABD /* Main.storyboard */,
				96BE7C9227FC757F00B79ABD /* Assets.xcassets */,
				96BE7C9427FC757F00B79ABD /* LaunchScreen.storyboard */,
				96BE7C9727FC757F00B79ABD /* Info.plist */,
			);
			path = uber;
			sourceTree = "<group>";
		};
		96BE7C9D27FC758A00B79ABD /* Utils */ = {
			isa = PBXGroup;
			children = (
				96BE7CA627FC7E4900B79ABD /* Extensions.swift */,
			);
			path = Utils;
			sourceTree = "<group>";
		};
		96BE7C9E27FC759100B79ABD /* Service */ = {
			isa = PBXGroup;
			children = (
			);
			path = Service;
			sourceTree = "<group>";
		};
		96BE7C9F27FC759300B79ABD /* Controller */ = {
			isa = PBXGroup;
			children = (
				96BE7CA227FC75BD00B79ABD /* LoginController.swift */,
			);
			path = Controller;
			sourceTree = "<group>";
		};
		96BE7CA027FC759500B79ABD /* View */ = {
			isa = PBXGroup;
			children = (
			);
			path = View;
			sourceTree = "<group>";
		};
		96BE7CA127FC759800B79ABD /* Model */ = {
			isa = PBXGroup;
			children = (
			);
			path = Model;
			sourceTree = "<group>";
		};
/* End PBXGroup section */

/* Begin PBXNativeTarget section */
		96BE7C8527FC757D00B79ABD /* uber */ = {
			isa = PBXNativeTarget;
			buildConfigurationList = 96BE7C9A27FC757F00B79ABD /* Build configuration list for PBXNativeTarget "uber" */;
			buildPhases = (
				96BE7C8227FC757D00B79ABD /* Sources */,
				96BE7C8327FC757D00B79ABD /* Frameworks */,
				96BE7C8427FC757D00B79ABD /* Resources */,
			);
			buildRules = (
			);
			dependencies = (
			);
			name = uber;
			productName = uber;
			productReference = 96BE7C8627FC757D00B79ABD /* uber.app */;
			productType = "com.apple.product-type.application";
		};
/* End PBXNativeTarget section */

/* Begin PBXProject section */
		96BE7C7E27FC757D00B79ABD /* Project object */ = {
			isa = PBXProject;
			attributes = {
				BuildIndependentTargetsInParallel = 1;
				LastSwiftUpdateCheck = 1320;
				LastUpgradeCheck = 1320;
				TargetAttributes = {
					96BE7C8527FC757D00B79ABD = {
						CreatedOnToolsVersion = 13.2.1;
					};
				};
			};
			buildConfigurationList = 96BE7C8127FC757D00B79ABD /* Build configuration list for PBXProject "uber" */;
			compatibilityVersion = "Xcode 13.0";
			developmentRegion = en;
			hasScannedForEncodings = 0;
			knownRegions = (
				en,
				Base,
			);
			mainGroup = 96BE7C7D27FC757D00B79ABD;
			productRefGroup = 96BE7C8727FC757D00B79ABD /* Products */;
			projectDirPath = "";
			projectRoot = "";
			targets = (
				96BE7C8527FC757D00B79ABD /* uber */,
			);
		};
/* End PBXProject section */

/* Begin PBXResourcesBuildPhase section */
		96BE7C8427FC757D00B79ABD /* Resources */ = {
			isa = PBXResourcesBuildPhase;
			buildActionMask = 2147483647;
			files = (
				96BE7CA527FC79D600B79ABD /* Main.storyboard in Resources */,
				96BE7C9627FC757F00B79ABD /* LaunchScreen.storyboard in Resources */,
				96BE7C9327FC757F00B79ABD /* Assets.xcassets in Resources */,
			);
			runOnlyForDeploymentPostprocessing = 0;
		};
/* End PBXResourcesBuildPhase section */

/* Begin PBXSourcesBuildPhase section */
		96BE7C8227FC757D00B79ABD /* Sources */ = {
			isa = PBXSourcesBuildPhase;
			buildActionMask = 2147483647;
			files = (
				96BE7CA327FC75BD00B79ABD /* LoginController.swift in Sources */,
				96BE7C8A27FC757D00B79ABD /* AppDelegate.swift in Sources */,
				96BE7C8C27FC757D00B79ABD /* SceneDelegate.swift in Sources */,
				96BE7CA727FC7E4900B79ABD /* Extensions.swift in Sources */,
			);
			runOnlyForDeploymentPostprocessing = 0;
		};
/* End PBXSourcesBuildPhase section */

/* Begin PBXVariantGroup section */
		96BE7C9427FC757F00B79ABD /* LaunchScreen.storyboard */ = {
			isa = PBXVariantGroup;
			children = (
				96BE7C9527FC757F00B79ABD /* Base */,
			);
			name = LaunchScreen.storyboard;
			sourceTree = "<group>";
		};
/* End PBXVariantGroup section */

/* Begin XCBuildConfiguration section */
		96BE7C9827FC757F00B79ABD /* Debug */ = {
			isa = XCBuildConfiguration;
			buildSettings = {
				ALWAYS_SEARCH_USER_PATHS = NO;
				CLANG_ANALYZER_NONNULL = YES;
				CLANG_ANALYZER_NUMBER_OBJECT_CONVERSION = YES_AGGRESSIVE;
				CLANG_CXX_LANGUAGE_STANDARD = "gnu++17";
				CLANG_CXX_LIBRARY = "libc++";
				CLANG_ENABLE_MODULES = YES;
				CLANG_ENABLE_OBJC_ARC = YES;
				CLANG_ENABLE_OBJC_WEAK = YES;
				CLANG_WARN_BLOCK_CAPTURE_AUTORELEASING = YES;
				CLANG_WARN_BOOL_CONVERSION = YES;
				CLANG_WARN_COMMA = YES;
				CLANG_WARN_CONSTANT_CONVERSION = YES;
				CLANG_WARN_DEPRECATED_OBJC_IMPLEMENTATIONS = YES;
				CLANG_WARN_DIRECT_OBJC_ISA_USAGE = YES_ERROR;
				CLANG_WARN_DOCUMENTATION_COMMENTS = YES;
				CLANG_WARN_EMPTY_BODY = YES;
				CLANG_WARN_ENUM_CONVERSION = YES;
				CLANG_WARN_INFINITE_RECURSION = YES;
				CLANG_WARN_INT_CONVERSION = YES;
				CLANG_WARN_NON_LITERAL_NULL_CONVERSION = YES;
				CLANG_WARN_OBJC_IMPLICIT_RETAIN_SELF = YES;
				CLANG_WARN_OBJC_LITERAL_CONVERSION = YES;
				CLANG_WARN_OBJC_ROOT_CLASS = YES_ERROR;
				CLANG_WARN_QUOTED_INCLUDE_IN_FRAMEWORK_HEADER = YES;
				CLANG_WARN_RANGE_LOOP_ANALYSIS = YES;
				CLANG_WARN_STRICT_PROTOTYPES = YES;
				CLANG_WARN_SUSPICIOUS_MOVE = YES;
				CLANG_WARN_UNGUARDED_AVAILABILITY = YES_AGGRESSIVE;
				CLANG_WARN_UNREACHABLE_CODE = YES;
				CLANG_WARN__DUPLICATE_METHOD_MATCH = YES;
				COPY_PHASE_STRIP = NO;
				DEBUG_INFORMATION_FORMAT = dwarf;
				ENABLE_STRICT_OBJC_MSGSEND = YES;
				ENABLE_TESTABILITY = YES;
				GCC_C_LANGUAGE_STANDARD = gnu11;
				GCC_DYNAMIC_NO_PIC = NO;
				GCC_NO_COMMON_BLOCKS = YES;
				GCC_OPTIMIZATION_LEVEL = 0;
				GCC_PREPROCESSOR_DEFINITIONS = (
					"DEBUG=1",
					"$(inherited)",
				);
				GCC_WARN_64_TO_32_BIT_CONVERSION = YES;
				GCC_WARN_ABOUT_RETURN_TYPE = YES_ERROR;
				GCC_WARN_UNDECLARED_SELECTOR = YES;
				GCC_WARN_UNINITIALIZED_AUTOS = YES_AGGRESSIVE;
				GCC_WARN_UNUSED_FUNCTION = YES;
				GCC_WARN_UNUSED_VARIABLE = YES;
				IPHONEOS_DEPLOYMENT_TARGET = 15.2;
				MTL_ENABLE_DEBUG_INFO = INCLUDE_SOURCE;
				MTL_FAST_MATH = YES;
				ONLY_ACTIVE_ARCH = YES;
				SDKROOT = iphoneos;
				SWIFT_ACTIVE_COMPILATION_CONDITIONS = DEBUG;
				SWIFT_OPTIMIZATION_LEVEL = "-Onone";
			};
			name = Debug;
		};
		96BE7C9927FC757F00B79ABD /* Release */ = {
			isa = XCBuildConfiguration;
			buildSettings = {
				ALWAYS_SEARCH_USER_PATHS = NO;
				CLANG_ANALYZER_NONNULL = YES;
				CLANG_ANALYZER_NUMBER_OBJECT_CONVERSION = YES_AGGRESSIVE;
				CLANG_CXX_LANGUAGE_STANDARD = "gnu++17";
				CLANG_CXX_LIBRARY = "libc++";
				CLANG_ENABLE_MODULES = YES;
				CLANG_ENABLE_OBJC_ARC = YES;
				CLANG_ENABLE_OBJC_WEAK = YES;
				CLANG_WARN_BLOCK_CAPTURE_AUTORELEASING = YES;
				CLANG_WARN_BOOL_CONVERSION = YES;
				CLANG_WARN_COMMA = YES;
				CLANG_WARN_CONSTANT_CONVERSION = YES;
				CLANG_WARN_DEPRECATED_OBJC_IMPLEMENTATIONS = YES;
				CLANG_WARN_DIRECT_OBJC_ISA_USAGE = YES_ERROR;
				CLANG_WARN_DOCUMENTATION_COMMENTS = YES;
				CLANG_WARN_EMPTY_BODY = YES;
				CLANG_WARN_ENUM_CONVERSION = YES;
				CLANG_WARN_INFINITE_RECURSION = YES;
				CLANG_WARN_INT_CONVERSION = YES;
				CLANG_WARN_NON_LITERAL_NULL_CONVERSION = YES;
				CLANG_WARN_OBJC_IMPLICIT_RETAIN_SELF = YES;
				CLANG_WARN_OBJC_LITERAL_CONVERSION = YES;
				CLANG_WARN_OBJC_ROOT_CLASS = YES_ERROR;
				CLANG_WARN_QUOTED_INCLUDE_IN_FRAMEWORK_HEADER = YES;
				CLANG_WARN_RANGE_LOOP_ANALYSIS = YES;
				CLANG_WARN_STRICT_PROTOTYPES = YES;
				CLANG_WARN_SUSPICIOUS_MOVE = YES;
				CLANG_WARN_UNGUARDED_AVAILABILITY = YES_AGGRESSIVE;
				CLANG_WARN_UNREACHABLE_CODE = YES;
				CLANG_WARN__DUPLICATE_METHOD_MATCH = YES;
				COPY_PHASE_STRIP = NO;
				DEBUG_INFORMATION_FORMAT = "dwarf-with-dsym";
				ENABLE_NS_ASSERTIONS = NO;
				ENABLE_STRICT_OBJC_MSGSEND = YES;
				GCC_C_LANGUAGE_STANDARD = gnu11;
				GCC_NO_COMMON_BLOCKS = YES;
				GCC_WARN_64_TO_32_BIT_CONVERSION = YES;
				GCC_WARN_ABOUT_RETURN_TYPE = YES_ERROR;
				GCC_WARN_UNDECLARED_SELECTOR = YES;
				GCC_WARN_UNINITIALIZED_AUTOS = YES_AGGRESSIVE;
				GCC_WARN_UNUSED_FUNCTION = YES;
				GCC_WARN_UNUSED_VARIABLE = YES;
				IPHONEOS_DEPLOYMENT_TARGET = 15.2;
				MTL_ENABLE_DEBUG_INFO = NO;
				MTL_FAST_MATH = YES;
				SDKROOT = iphoneos;
				SWIFT_COMPILATION_MODE = wholemodule;
				SWIFT_OPTIMIZATION_LEVEL = "-O";
				VALIDATE_PRODUCT = YES;
			};
			name = Release;
		};
		96BE7C9B27FC757F00B79ABD /* Debug */ = {
			isa = XCBuildConfiguration;
			buildSettings = {
				ASSETCATALOG_COMPILER_APPICON_NAME = AppIcon;
				ASSETCATALOG_COMPILER_GLOBAL_ACCENT_COLOR_NAME = AccentColor;
				CODE_SIGN_STYLE = Automatic;
				CURRENT_PROJECT_VERSION = 1;
				DEVELOPMENT_TEAM = M79928L8PF;
				GENERATE_INFOPLIST_FILE = YES;
				INFOPLIST_FILE = uber/Info.plist;
				INFOPLIST_KEY_UIApplicationSupportsIndirectInputEvents = YES;
				INFOPLIST_KEY_UILaunchStoryboardName = LaunchScreen;
				INFOPLIST_KEY_UIMainStoryboardFile = Main;
				INFOPLIST_KEY_UISupportedInterfaceOrientations_iPad = "UIInterfaceOrientationPortrait UIInterfaceOrientationPortraitUpsideDown UIInterfaceOrientationLandscapeLeft UIInterfaceOrientationLandscapeRight";
				INFOPLIST_KEY_UISupportedInterfaceOrientations_iPhone = "UIInterfaceOrientationPortrait UIInterfaceOrientationLandscapeLeft UIInterfaceOrientationLandscapeRight";
				LD_RUNPATH_SEARCH_PATHS = (
					"$(inherited)",
					"@executable_path/Frameworks",
				);
				MARKETING_VERSION = 1.0;
				PRODUCT_BUNDLE_IDENTIFIER = oguuk.uber;
				PRODUCT_NAME = "$(TARGET_NAME)";
				SWIFT_EMIT_LOC_STRINGS = YES;
				SWIFT_VERSION = 5.0;
				TARGETED_DEVICE_FAMILY = "1,2";
			};
			name = Debug;
		};
		96BE7C9C27FC757F00B79ABD /* Release */ = {
			isa = XCBuildConfiguration;
			buildSettings = {
				ASSETCATALOG_COMPILER_APPICON_NAME = AppIcon;
				ASSETCATALOG_COMPILER_GLOBAL_ACCENT_COLOR_NAME = AccentColor;
				CODE_SIGN_STYLE = Automatic;
				CURRENT_PROJECT_VERSION = 1;
				DEVELOPMENT_TEAM = M79928L8PF;
				GENERATE_INFOPLIST_FILE = YES;
				INFOPLIST_FILE = uber/Info.plist;
				INFOPLIST_KEY_UIApplicationSupportsIndirectInputEvents = YES;
				INFOPLIST_KEY_UILaunchStoryboardName = LaunchScreen;
				INFOPLIST_KEY_UIMainStoryboardFile = Main;
				INFOPLIST_KEY_UISupportedInterfaceOrientations_iPad = "UIInterfaceOrientationPortrait UIInterfaceOrientationPortraitUpsideDown UIInterfaceOrientationLandscapeLeft UIInterfaceOrientationLandscapeRight";
				INFOPLIST_KEY_UISupportedInterfaceOrientations_iPhone = "UIInterfaceOrientationPortrait UIInterfaceOrientationLandscapeLeft UIInterfaceOrientationLandscapeRight";
				LD_RUNPATH_SEARCH_PATHS = (
					"$(inherited)",
					"@executable_path/Frameworks",
				);
				MARKETING_VERSION = 1.0;
				PRODUCT_BUNDLE_IDENTIFIER = oguuk.uber;
				PRODUCT_NAME = "$(TARGET_NAME)";
				SWIFT_EMIT_LOC_STRINGS = YES;
				SWIFT_VERSION = 5.0;
				TARGETED_DEVICE_FAMILY = "1,2";
			};
			name = Release;
		};
/* End XCBuildConfiguration section */

/* Begin XCConfigurationList section */
		96BE7C8127FC757D00B79ABD /* Build configuration list for PBXProject "uber" */ = {
			isa = XCConfigurationList;
			buildConfigurations = (
				96BE7C9827FC757F00B79ABD /* Debug */,
				96BE7C9927FC757F00B79ABD /* Release */,
			);
			defaultConfigurationIsVisible = 0;
			defaultConfigurationName = Release;
		};
		96BE7C9A27FC757F00B79ABD /* Build configuration list for PBXNativeTarget "uber" */ = {
			isa = XCConfigurationList;
			buildConfigurations = (
				96BE7C9B27FC757F00B79ABD /* Debug */,
				96BE7C9C27FC757F00B79ABD /* Release */,
			);
			defaultConfigurationIsVisible = 0;
			defaultConfigurationName = Release;
		};
/* End XCConfigurationList section */
	};
	rootObject = 96BE7C7E27FC757D00B79ABD /* Project object */;
}
